// !$*UTF8*$!
{
	archiveVersion = 1;
	classes = {
	};
	objectVersion = 56;
	objects = {

/* Begin PBXBuildFile section */
		19CF55C82C71463900FBC519 /* GoogleService-Info.plist in Resources */ = {isa = PBXBuildFile; fileRef = 19CF55C72C71463900FBC519 /* GoogleService-Info.plist */; };
		19CF55CA2C714D6F00FBC519 /* HomeViewModel.swift in Sources */ = {isa = PBXBuildFile; fileRef = 19CF55C92C714D6F00FBC519 /* HomeViewModel.swift */; };
		19CF55CD2C7153B200FBC519 /* FirebaseDatabase in Frameworks */ = {isa = PBXBuildFile; productRef = 19CF55CC2C7153B200FBC519 /* FirebaseDatabase */; };
		19CF55D02C715AAB00FBC519 /* UserDBRepository.swift in Sources */ = {isa = PBXBuildFile; fileRef = 19CF55CF2C715AAB00FBC519 /* UserDBRepository.swift */; };
		19CF55D22C715AD300FBC519 /* UserService.swift in Sources */ = {isa = PBXBuildFile; fileRef = 19CF55D12C715AD300FBC519 /* UserService.swift */; };
		19CF55D52C71702C00FBC519 /* UserObject.swift in Sources */ = {isa = PBXBuildFile; fileRef = 19CF55D42C71702C00FBC519 /* UserObject.swift */; };
		19CF55D72C71706A00FBC519 /* DBError.swift in Sources */ = {isa = PBXBuildFile; fileRef = 19CF55D62C71706A00FBC519 /* DBError.swift */; };
		19CF55D92C71724200FBC519 /* Constant.swift in Sources */ = {isa = PBXBuildFile; fileRef = 19CF55D82C71724200FBC519 /* Constant.swift */; };
		19CF55DB2C7208ED00FBC519 /* Phase.swift in Sources */ = {isa = PBXBuildFile; fileRef = 19CF55DA2C7208ED00FBC519 /* Phase.swift */; };
		19CF55DD2C72099F00FBC519 /* PlaceholderView.swift in Sources */ = {isa = PBXBuildFile; fileRef = 19CF55DC2C72099F00FBC519 /* PlaceholderView.swift */; };
		19CF55E02C7209E100FBC519 /* LoadingView.swift in Sources */ = {isa = PBXBuildFile; fileRef = 19CF55DF2C7209E100FBC519 /* LoadingView.swift */; };
		19CF55E22C720A2000FBC519 /* ErrorView.swift in Sources */ = {isa = PBXBuildFile; fileRef = 19CF55E12C720A1F00FBC519 /* ErrorView.swift */; };
		19CF55E42C720AB200FBC519 /* HomeModalDestination.swift in Sources */ = {isa = PBXBuildFile; fileRef = 19CF55E32C720AB200FBC519 /* HomeModalDestination.swift */; };
		19CF55E72C720B7A00FBC519 /* MyProfileView.swift in Sources */ = {isa = PBXBuildFile; fileRef = 19CF55E62C720B7A00FBC519 /* MyProfileView.swift */; };
		19CF55E92C720B8300FBC519 /* OtherProfileView.swift in Sources */ = {isa = PBXBuildFile; fileRef = 19CF55E82C720B8300FBC519 /* OtherProfileView.swift */; };
		19CF55EB2C720E8300FBC519 /* ContactService.swift in Sources */ = {isa = PBXBuildFile; fileRef = 19CF55EA2C720E8300FBC519 /* ContactService.swift */; };
		EB79C7F52C745BC700DDE3F2 /* PhotoPickerService.swift in Sources */ = {isa = PBXBuildFile; fileRef = EB79C7F42C745BC700DDE3F2 /* PhotoPickerService.swift */; };
		EB79C7F82C74632600DDE3F2 /* PhotoImage.swift in Sources */ = {isa = PBXBuildFile; fileRef = EB79C7F72C74632600DDE3F2 /* PhotoImage.swift */; };
		EB79C7FA2C746A4300DDE3F2 /* FirebaseStorage in Frameworks */ = {isa = PBXBuildFile; productRef = EB79C7F92C746A4300DDE3F2 /* FirebaseStorage */; };
		EB79C7FC2C746A4300DDE3F2 /* FirebaseStorageCombine-Community in Frameworks */ = {isa = PBXBuildFile; productRef = EB79C7FB2C746A4300DDE3F2 /* FirebaseStorageCombine-Community */; };
		EB79C8002C746A9700DDE3F2 /* UploadProvider.swift in Sources */ = {isa = PBXBuildFile; fileRef = EB79C7FF2C746A9700DDE3F2 /* UploadProvider.swift */; };
		EB79C8022C746B8400DDE3F2 /* UploadService.swift in Sources */ = {isa = PBXBuildFile; fileRef = EB79C8012C746B8400DDE3F2 /* UploadService.swift */; };
		EB79C8052C746C0E00DDE3F2 /* UploadSourceType.swift in Sources */ = {isa = PBXBuildFile; fileRef = EB79C8042C746C0E00DDE3F2 /* UploadSourceType.swift */; };
		EB79C8072C74800E00DDE3F2 /* ImageCacheService.swift in Sources */ = {isa = PBXBuildFile; fileRef = EB79C8062C74800E00DDE3F2 /* ImageCacheService.swift */; };
		EB79C80A2C74807C00DDE3F2 /* MemoryStorage.swift in Sources */ = {isa = PBXBuildFile; fileRef = EB79C8092C74807C00DDE3F2 /* MemoryStorage.swift */; };
		EB79C80C2C74816000DDE3F2 /* DiskStorage.swift in Sources */ = {isa = PBXBuildFile; fileRef = EB79C80B2C74815F00DDE3F2 /* DiskStorage.swift */; };
		EB79C8452C76F54B00DDE3F2 /* URLImageView.swift in Sources */ = {isa = PBXBuildFile; fileRef = EB79C8442C76F54B00DDE3F2 /* URLImageView.swift */; };
		EB79C8492C76F57800DDE3F2 /* URLImageViewModel.swift in Sources */ = {isa = PBXBuildFile; fileRef = EB79C8482C76F57800DDE3F2 /* URLImageViewModel.swift */; };
		EB79C84D2C772CC400DDE3F2 /* OtherProfileViewModel.swift in Sources */ = {isa = PBXBuildFile; fileRef = EB79C84C2C772CC400DDE3F2 /* OtherProfileViewModel.swift */; };
		EB79C84F2C772F4300DDE3F2 /* OtherProfileMenuType.swift in Sources */ = {isa = PBXBuildFile; fileRef = EB79C84E2C772F4300DDE3F2 /* OtherProfileMenuType.swift */; };
		EB79C8512C77310F00DDE3F2 /* ChatRoomDBRepository.swift in Sources */ = {isa = PBXBuildFile; fileRef = EB79C8502C77310F00DDE3F2 /* ChatRoomDBRepository.swift */; };
		EB79C8532C77316400DDE3F2 /* ChatRoomObject.swift in Sources */ = {isa = PBXBuildFile; fileRef = EB79C8522C77316400DDE3F2 /* ChatRoomObject.swift */; };
		EB79C8552C78277A00DDE3F2 /* ChatRoomService.swift in Sources */ = {isa = PBXBuildFile; fileRef = EB79C8542C78277A00DDE3F2 /* ChatRoomService.swift */; };
		EB79C8572C78284800DDE3F2 /* ChatRoom.swift in Sources */ = {isa = PBXBuildFile; fileRef = EB79C8562C78284800DDE3F2 /* ChatRoom.swift */; };
		EB79C85A2C785A1B00DDE3F2 /* NavigationDestination.swift in Sources */ = {isa = PBXBuildFile; fileRef = EB79C8592C785A1B00DDE3F2 /* NavigationDestination.swift */; };
		EB79C85C2C785A3700DDE3F2 /* NavigationRouter.swift in Sources */ = {isa = PBXBuildFile; fileRef = EB79C85B2C785A3700DDE3F2 /* NavigationRouter.swift */; };
		EB79C8602C785BB800DDE3F2 /* ChatView.swift in Sources */ = {isa = PBXBuildFile; fileRef = EB79C85F2C785BB800DDE3F2 /* ChatView.swift */; };
		EB79C8622C785BBF00DDE3F2 /* SearchView.swift in Sources */ = {isa = PBXBuildFile; fileRef = EB79C8612C785BBF00DDE3F2 /* SearchView.swift */; };
		EB79C8642C7864B900DDE3F2 /* ChatListViewModel.swift in Sources */ = {isa = PBXBuildFile; fileRef = EB79C8632C7864B900DDE3F2 /* ChatListViewModel.swift */; };
		EB79C8662C78664F00DDE3F2 /* SearchButton.swift in Sources */ = {isa = PBXBuildFile; fileRef = EB79C8652C78664F00DDE3F2 /* SearchButton.swift */; };
		EB79C8682C78674500DDE3F2 /* NavigationRoutingView.swift in Sources */ = {isa = PBXBuildFile; fileRef = EB79C8672C78674500DDE3F2 /* NavigationRoutingView.swift */; };
		EB79C86A2C787A9300DDE3F2 /* ChatViewModel.swift in Sources */ = {isa = PBXBuildFile; fileRef = EB79C8692C787A9300DDE3F2 /* ChatViewModel.swift */; };
		EB79C86C2C78829500DDE3F2 /* Chat.swift in Sources */ = {isa = PBXBuildFile; fileRef = EB79C86B2C78829500DDE3F2 /* Chat.swift */; };
		EB79C86E2C78834D00DDE3F2 /* ChatData.swift in Sources */ = {isa = PBXBuildFile; fileRef = EB79C86D2C78834D00DDE3F2 /* ChatData.swift */; };
		EB79C8702C7883C900DDE3F2 /* Date+Extension.swift in Sources */ = {isa = PBXBuildFile; fileRef = EB79C86F2C7883C900DDE3F2 /* Date+Extension.swift */; };
		EB79C8932C7C727800DDE3F2 /* ChatItemView.swift in Sources */ = {isa = PBXBuildFile; fileRef = EB79C8922C7C727800DDE3F2 /* ChatItemView.swift */; };
		EB79C8952C7C72AA00DDE3F2 /* ChatItemDirection.swift in Sources */ = {isa = PBXBuildFile; fileRef = EB79C8942C7C72AA00DDE3F2 /* ChatItemDirection.swift */; };
		EB79C8972C7D559300DDE3F2 /* KeyboardToolbar.swift in Sources */ = {isa = PBXBuildFile; fileRef = EB79C8962C7D559300DDE3F2 /* KeyboardToolbar.swift */; };
		EBE7A7922C6AF99D00873C3A /* LprojectApp.swift in Sources */ = {isa = PBXBuildFile; fileRef = EBE7A7912C6AF99D00873C3A /* LprojectApp.swift */; };
		EBE7A7942C6AF99D00873C3A /* AuthenticatedView.swift in Sources */ = {isa = PBXBuildFile; fileRef = EBE7A7932C6AF99D00873C3A /* AuthenticatedView.swift */; };
		EBE7A7962C6AF99F00873C3A /* Assets.xcassets in Resources */ = {isa = PBXBuildFile; fileRef = EBE7A7952C6AF99F00873C3A /* Assets.xcassets */; };
		EBE7A7992C6AF99F00873C3A /* Preview Assets.xcassets in Resources */ = {isa = PBXBuildFile; fileRef = EBE7A7982C6AF99F00873C3A /* Preview Assets.xcassets */; };
		EBE7A7A32C6AF9A000873C3A /* LprojectTests.swift in Sources */ = {isa = PBXBuildFile; fileRef = EBE7A7A22C6AF9A000873C3A /* LprojectTests.swift */; };
		EBE7A7AD2C6AF9A000873C3A /* LprojectUITests.swift in Sources */ = {isa = PBXBuildFile; fileRef = EBE7A7AC2C6AF9A000873C3A /* LprojectUITests.swift */; };
		EBE7A7AF2C6AF9A000873C3A /* LprojectUITestsLaunchTests.swift in Sources */ = {isa = PBXBuildFile; fileRef = EBE7A7AE2C6AF9A000873C3A /* LprojectUITestsLaunchTests.swift */; };
		EBE7A7BD2C6AFA0900873C3A /* Colors.xcassets in Resources */ = {isa = PBXBuildFile; fileRef = EBE7A7BC2C6AFA0900873C3A /* Colors.xcassets */; };
		EBE7A7C02C6B1CC800873C3A /* Color+Extension.swift in Sources */ = {isa = PBXBuildFile; fileRef = EBE7A7BF2C6B1CC800873C3A /* Color+Extension.swift */; };
		EBE7A7C42C6B2B0500873C3A /* DIContainer.swift in Sources */ = {isa = PBXBuildFile; fileRef = EBE7A7C32C6B2B0500873C3A /* DIContainer.swift */; };
		EBE7A7C82C6B2B2A00873C3A /* Services.swift in Sources */ = {isa = PBXBuildFile; fileRef = EBE7A7C72C6B2B2A00873C3A /* Services.swift */; };
		EBE7A7CC2C6B2BDB00873C3A /* AuthenticationViewModel.swift in Sources */ = {isa = PBXBuildFile; fileRef = EBE7A7CB2C6B2BDB00873C3A /* AuthenticationViewModel.swift */; };
		EBE7A7D12C6B36C200873C3A /* FirebaseAuth in Frameworks */ = {isa = PBXBuildFile; productRef = EBE7A7D02C6B36C200873C3A /* FirebaseAuth */; };
		EBE7A7D32C6B36EE00873C3A /* AppDelegate.swift in Sources */ = {isa = PBXBuildFile; fileRef = EBE7A7D22C6B36EE00873C3A /* AppDelegate.swift */; };
		EBE7A7D72C6B387500873C3A /* AuthenticationService.swift in Sources */ = {isa = PBXBuildFile; fileRef = EBE7A7D62C6B387500873C3A /* AuthenticationService.swift */; };
		EBE7A7DB2C6B3B2A00873C3A /* LoginIntroView.swift in Sources */ = {isa = PBXBuildFile; fileRef = EBE7A7DA2C6B3B2A00873C3A /* LoginIntroView.swift */; };
		EBE7A7DD2C6B3B4100873C3A /* MainTabView.swift in Sources */ = {isa = PBXBuildFile; fileRef = EBE7A7DC2C6B3B4100873C3A /* MainTabView.swift */; };
		EBE7A7DF2C6B3FEE00873C3A /* LoginView.swift in Sources */ = {isa = PBXBuildFile; fileRef = EBE7A7DE2C6B3FEE00873C3A /* LoginView.swift */; };
		EBE7A7E12C6B40C600873C3A /* LoginButtonStyle.swift in Sources */ = {isa = PBXBuildFile; fileRef = EBE7A7E02C6B40C600873C3A /* LoginButtonStyle.swift */; };
		EBE7A7E32C6B45A000873C3A /* View+Extension.swift in Sources */ = {isa = PBXBuildFile; fileRef = EBE7A7E22C6B45A000873C3A /* View+Extension.swift */; };
		EBE7A7EB2C6B4F5500873C3A /* GoogleSignInSwift in Frameworks */ = {isa = PBXBuildFile; productRef = EBE7A7EA2C6B4F5500873C3A /* GoogleSignInSwift */; };
		EBE7A7EE2C6B50CB00873C3A /* User.swift in Sources */ = {isa = PBXBuildFile; fileRef = EBE7A7ED2C6B50CB00873C3A /* User.swift */; };
		EBE7A7F02C6B510900873C3A /* ServiceError.swift in Sources */ = {isa = PBXBuildFile; fileRef = EBE7A7EF2C6B510900873C3A /* ServiceError.swift */; };
		EBE7A7F42C6C486800873C3A /* RandomNonceString.swift in Sources */ = {isa = PBXBuildFile; fileRef = EBE7A7F32C6C486800873C3A /* RandomNonceString.swift */; };
		EBE7A7F62C6C487200873C3A /* SHA256.swift in Sources */ = {isa = PBXBuildFile; fileRef = EBE7A7F52C6C487200873C3A /* SHA256.swift */; };
		EBE7A7F82C6C83D900873C3A /* MainTabType.swift in Sources */ = {isa = PBXBuildFile; fileRef = EBE7A7F72C6C83D900873C3A /* MainTabType.swift */; };
		EBE7A8002C6C857000873C3A /* ChatListView.swift in Sources */ = {isa = PBXBuildFile; fileRef = EBE7A7FF2C6C857000873C3A /* ChatListView.swift */; };
		EBE7A8022C6C857A00873C3A /* HomeView.swift in Sources */ = {isa = PBXBuildFile; fileRef = EBE7A8012C6C857A00873C3A /* HomeView.swift */; };
		EBE7A83C2C7316DD00873C3A /* MyProfileViewModel.swift in Sources */ = {isa = PBXBuildFile; fileRef = EBE7A83B2C7316DD00873C3A /* MyProfileViewModel.swift */; };
		EBE7A83E2C731AF200873C3A /* MyProfileMenuType.swift in Sources */ = {isa = PBXBuildFile; fileRef = EBE7A83D2C731AF200873C3A /* MyProfileMenuType.swift */; };
		EBE7A8402C73236100873C3A /* MyProfileDescriptionEditView.swift in Sources */ = {isa = PBXBuildFile; fileRef = EBE7A83F2C73236100873C3A /* MyProfileDescriptionEditView.swift */; };
/* End PBXBuildFile section */

/* Begin PBXContainerItemProxy section */
		EBE7A79F2C6AF9A000873C3A /* PBXContainerItemProxy */ = {
			isa = PBXContainerItemProxy;
			containerPortal = EBE7A7862C6AF99D00873C3A /* Project object */;
			proxyType = 1;
			remoteGlobalIDString = EBE7A78D2C6AF99D00873C3A;
			remoteInfo = Lproject;
		};
		EBE7A7A92C6AF9A000873C3A /* PBXContainerItemProxy */ = {
			isa = PBXContainerItemProxy;
			containerPortal = EBE7A7862C6AF99D00873C3A /* Project object */;
			proxyType = 1;
			remoteGlobalIDString = EBE7A78D2C6AF99D00873C3A;
			remoteInfo = Lproject;
		};
/* End PBXContainerItemProxy section */

/* Begin PBXFileReference section */
		19CF55C72C71463900FBC519 /* GoogleService-Info.plist */ = {isa = PBXFileReference; fileEncoding = 4; lastKnownFileType = text.plist.xml; path = "GoogleService-Info.plist"; sourceTree = "<group>"; };
		19CF55C92C714D6F00FBC519 /* HomeViewModel.swift */ = {isa = PBXFileReference; lastKnownFileType = sourcecode.swift; path = HomeViewModel.swift; sourceTree = "<group>"; };
		19CF55CF2C715AAB00FBC519 /* UserDBRepository.swift */ = {isa = PBXFileReference; lastKnownFileType = sourcecode.swift; path = UserDBRepository.swift; sourceTree = "<group>"; };
		19CF55D12C715AD300FBC519 /* UserService.swift */ = {isa = PBXFileReference; lastKnownFileType = sourcecode.swift; path = UserService.swift; sourceTree = "<group>"; };
		19CF55D42C71702C00FBC519 /* UserObject.swift */ = {isa = PBXFileReference; lastKnownFileType = sourcecode.swift; path = UserObject.swift; sourceTree = "<group>"; };
		19CF55D62C71706A00FBC519 /* DBError.swift */ = {isa = PBXFileReference; lastKnownFileType = sourcecode.swift; path = DBError.swift; sourceTree = "<group>"; };
		19CF55D82C71724200FBC519 /* Constant.swift */ = {isa = PBXFileReference; lastKnownFileType = sourcecode.swift; path = Constant.swift; sourceTree = "<group>"; };
		19CF55DA2C7208ED00FBC519 /* Phase.swift */ = {isa = PBXFileReference; lastKnownFileType = sourcecode.swift; path = Phase.swift; sourceTree = "<group>"; };
		19CF55DC2C72099F00FBC519 /* PlaceholderView.swift */ = {isa = PBXFileReference; lastKnownFileType = sourcecode.swift; path = PlaceholderView.swift; sourceTree = "<group>"; };
		19CF55DF2C7209E100FBC519 /* LoadingView.swift */ = {isa = PBXFileReference; lastKnownFileType = sourcecode.swift; path = LoadingView.swift; sourceTree = "<group>"; };
		19CF55E12C720A1F00FBC519 /* ErrorView.swift */ = {isa = PBXFileReference; lastKnownFileType = sourcecode.swift; path = ErrorView.swift; sourceTree = "<group>"; };
		19CF55E32C720AB200FBC519 /* HomeModalDestination.swift */ = {isa = PBXFileReference; lastKnownFileType = sourcecode.swift; path = HomeModalDestination.swift; sourceTree = "<group>"; };
		19CF55E62C720B7A00FBC519 /* MyProfileView.swift */ = {isa = PBXFileReference; lastKnownFileType = sourcecode.swift; path = MyProfileView.swift; sourceTree = "<group>"; };
		19CF55E82C720B8300FBC519 /* OtherProfileView.swift */ = {isa = PBXFileReference; lastKnownFileType = sourcecode.swift; path = OtherProfileView.swift; sourceTree = "<group>"; };
		19CF55EA2C720E8300FBC519 /* ContactService.swift */ = {isa = PBXFileReference; lastKnownFileType = sourcecode.swift; path = ContactService.swift; sourceTree = "<group>"; };
		EB79C7F42C745BC700DDE3F2 /* PhotoPickerService.swift */ = {isa = PBXFileReference; lastKnownFileType = sourcecode.swift; path = PhotoPickerService.swift; sourceTree = "<group>"; };
		EB79C7F72C74632600DDE3F2 /* PhotoImage.swift */ = {isa = PBXFileReference; lastKnownFileType = sourcecode.swift; path = PhotoImage.swift; sourceTree = "<group>"; };
		EB79C7FF2C746A9700DDE3F2 /* UploadProvider.swift */ = {isa = PBXFileReference; lastKnownFileType = sourcecode.swift; path = UploadProvider.swift; sourceTree = "<group>"; };
		EB79C8012C746B8400DDE3F2 /* UploadService.swift */ = {isa = PBXFileReference; lastKnownFileType = sourcecode.swift; path = UploadService.swift; sourceTree = "<group>"; };
		EB79C8042C746C0E00DDE3F2 /* UploadSourceType.swift */ = {isa = PBXFileReference; lastKnownFileType = sourcecode.swift; path = UploadSourceType.swift; sourceTree = "<group>"; };
		EB79C8062C74800E00DDE3F2 /* ImageCacheService.swift */ = {isa = PBXFileReference; lastKnownFileType = sourcecode.swift; path = ImageCacheService.swift; sourceTree = "<group>"; };
		EB79C8092C74807C00DDE3F2 /* MemoryStorage.swift */ = {isa = PBXFileReference; lastKnownFileType = sourcecode.swift; path = MemoryStorage.swift; sourceTree = "<group>"; };
		EB79C80B2C74815F00DDE3F2 /* DiskStorage.swift */ = {isa = PBXFileReference; lastKnownFileType = sourcecode.swift; path = DiskStorage.swift; sourceTree = "<group>"; };
		EB79C8442C76F54B00DDE3F2 /* URLImageView.swift */ = {isa = PBXFileReference; lastKnownFileType = sourcecode.swift; path = URLImageView.swift; sourceTree = "<group>"; };
		EB79C8482C76F57800DDE3F2 /* URLImageViewModel.swift */ = {isa = PBXFileReference; lastKnownFileType = sourcecode.swift; path = URLImageViewModel.swift; sourceTree = "<group>"; };
		EB79C84C2C772CC400DDE3F2 /* OtherProfileViewModel.swift */ = {isa = PBXFileReference; lastKnownFileType = sourcecode.swift; path = OtherProfileViewModel.swift; sourceTree = "<group>"; };
		EB79C84E2C772F4300DDE3F2 /* OtherProfileMenuType.swift */ = {isa = PBXFileReference; lastKnownFileType = sourcecode.swift; path = OtherProfileMenuType.swift; sourceTree = "<group>"; };
		EB79C8502C77310F00DDE3F2 /* ChatRoomDBRepository.swift */ = {isa = PBXFileReference; lastKnownFileType = sourcecode.swift; path = ChatRoomDBRepository.swift; sourceTree = "<group>"; };
		EB79C8522C77316400DDE3F2 /* ChatRoomObject.swift */ = {isa = PBXFileReference; lastKnownFileType = sourcecode.swift; path = ChatRoomObject.swift; sourceTree = "<group>"; };
		EB79C8542C78277A00DDE3F2 /* ChatRoomService.swift */ = {isa = PBXFileReference; lastKnownFileType = sourcecode.swift; path = ChatRoomService.swift; sourceTree = "<group>"; };
		EB79C8562C78284800DDE3F2 /* ChatRoom.swift */ = {isa = PBXFileReference; lastKnownFileType = sourcecode.swift; path = ChatRoom.swift; sourceTree = "<group>"; };
		EB79C8592C785A1B00DDE3F2 /* NavigationDestination.swift */ = {isa = PBXFileReference; lastKnownFileType = sourcecode.swift; path = NavigationDestination.swift; sourceTree = "<group>"; };
		EB79C85B2C785A3700DDE3F2 /* NavigationRouter.swift */ = {isa = PBXFileReference; lastKnownFileType = sourcecode.swift; path = NavigationRouter.swift; sourceTree = "<group>"; };
		EB79C85F2C785BB800DDE3F2 /* ChatView.swift */ = {isa = PBXFileReference; lastKnownFileType = sourcecode.swift; path = ChatView.swift; sourceTree = "<group>"; };
		EB79C8612C785BBF00DDE3F2 /* SearchView.swift */ = {isa = PBXFileReference; lastKnownFileType = sourcecode.swift; path = SearchView.swift; sourceTree = "<group>"; };
		EB79C8632C7864B900DDE3F2 /* ChatListViewModel.swift */ = {isa = PBXFileReference; lastKnownFileType = sourcecode.swift; path = ChatListViewModel.swift; sourceTree = "<group>"; };
		EB79C8652C78664F00DDE3F2 /* SearchButton.swift */ = {isa = PBXFileReference; lastKnownFileType = sourcecode.swift; path = SearchButton.swift; sourceTree = "<group>"; };
		EB79C8672C78674500DDE3F2 /* NavigationRoutingView.swift */ = {isa = PBXFileReference; lastKnownFileType = sourcecode.swift; path = NavigationRoutingView.swift; sourceTree = "<group>"; };
		EB79C8692C787A9300DDE3F2 /* ChatViewModel.swift */ = {isa = PBXFileReference; lastKnownFileType = sourcecode.swift; path = ChatViewModel.swift; sourceTree = "<group>"; };
		EB79C86B2C78829500DDE3F2 /* Chat.swift */ = {isa = PBXFileReference; lastKnownFileType = sourcecode.swift; path = Chat.swift; sourceTree = "<group>"; };
		EB79C86D2C78834D00DDE3F2 /* ChatData.swift */ = {isa = PBXFileReference; lastKnownFileType = sourcecode.swift; path = ChatData.swift; sourceTree = "<group>"; };
		EB79C86F2C7883C900DDE3F2 /* Date+Extension.swift */ = {isa = PBXFileReference; lastKnownFileType = sourcecode.swift; path = "Date+Extension.swift"; sourceTree = "<group>"; };
		EB79C8922C7C727800DDE3F2 /* ChatItemView.swift */ = {isa = PBXFileReference; lastKnownFileType = sourcecode.swift; path = ChatItemView.swift; sourceTree = "<group>"; };
		EB79C8942C7C72AA00DDE3F2 /* ChatItemDirection.swift */ = {isa = PBXFileReference; lastKnownFileType = sourcecode.swift; path = ChatItemDirection.swift; sourceTree = "<group>"; };
		EB79C8962C7D559300DDE3F2 /* KeyboardToolbar.swift */ = {isa = PBXFileReference; lastKnownFileType = sourcecode.swift; path = KeyboardToolbar.swift; sourceTree = "<group>"; };
		EBE7A78E2C6AF99D00873C3A /* Lproject.app */ = {isa = PBXFileReference; explicitFileType = wrapper.application; includeInIndex = 0; path = Lproject.app; sourceTree = BUILT_PRODUCTS_DIR; };
		EBE7A7912C6AF99D00873C3A /* LprojectApp.swift */ = {isa = PBXFileReference; lastKnownFileType = sourcecode.swift; path = LprojectApp.swift; sourceTree = "<group>"; };
		EBE7A7932C6AF99D00873C3A /* AuthenticatedView.swift */ = {isa = PBXFileReference; lastKnownFileType = sourcecode.swift; path = AuthenticatedView.swift; sourceTree = "<group>"; };
		EBE7A7952C6AF99F00873C3A /* Assets.xcassets */ = {isa = PBXFileReference; lastKnownFileType = folder.assetcatalog; path = Assets.xcassets; sourceTree = "<group>"; };
		EBE7A7982C6AF99F00873C3A /* Preview Assets.xcassets */ = {isa = PBXFileReference; lastKnownFileType = folder.assetcatalog; path = "Preview Assets.xcassets"; sourceTree = "<group>"; };
		EBE7A79E2C6AF9A000873C3A /* LprojectTests.xctest */ = {isa = PBXFileReference; explicitFileType = wrapper.cfbundle; includeInIndex = 0; path = LprojectTests.xctest; sourceTree = BUILT_PRODUCTS_DIR; };
		EBE7A7A22C6AF9A000873C3A /* LprojectTests.swift */ = {isa = PBXFileReference; lastKnownFileType = sourcecode.swift; path = LprojectTests.swift; sourceTree = "<group>"; };
		EBE7A7A82C6AF9A000873C3A /* LprojectUITests.xctest */ = {isa = PBXFileReference; explicitFileType = wrapper.cfbundle; includeInIndex = 0; path = LprojectUITests.xctest; sourceTree = BUILT_PRODUCTS_DIR; };
		EBE7A7AC2C6AF9A000873C3A /* LprojectUITests.swift */ = {isa = PBXFileReference; lastKnownFileType = sourcecode.swift; path = LprojectUITests.swift; sourceTree = "<group>"; };
		EBE7A7AE2C6AF9A000873C3A /* LprojectUITestsLaunchTests.swift */ = {isa = PBXFileReference; lastKnownFileType = sourcecode.swift; path = LprojectUITestsLaunchTests.swift; sourceTree = "<group>"; };
		EBE7A7BC2C6AFA0900873C3A /* Colors.xcassets */ = {isa = PBXFileReference; lastKnownFileType = folder.assetcatalog; path = Colors.xcassets; sourceTree = "<group>"; };
		EBE7A7BF2C6B1CC800873C3A /* Color+Extension.swift */ = {isa = PBXFileReference; lastKnownFileType = sourcecode.swift; path = "Color+Extension.swift"; sourceTree = "<group>"; };
		EBE7A7C12C6B22FC00873C3A /* Info.plist */ = {isa = PBXFileReference; lastKnownFileType = text.plist; path = Info.plist; sourceTree = "<group>"; };
		EBE7A7C32C6B2B0500873C3A /* DIContainer.swift */ = {isa = PBXFileReference; lastKnownFileType = sourcecode.swift; path = DIContainer.swift; sourceTree = "<group>"; };
		EBE7A7C72C6B2B2A00873C3A /* Services.swift */ = {isa = PBXFileReference; lastKnownFileType = sourcecode.swift; path = Services.swift; sourceTree = "<group>"; };
		EBE7A7CB2C6B2BDB00873C3A /* AuthenticationViewModel.swift */ = {isa = PBXFileReference; lastKnownFileType = sourcecode.swift; path = AuthenticationViewModel.swift; sourceTree = "<group>"; };
		EBE7A7D22C6B36EE00873C3A /* AppDelegate.swift */ = {isa = PBXFileReference; lastKnownFileType = sourcecode.swift; path = AppDelegate.swift; sourceTree = "<group>"; };
		EBE7A7D62C6B387500873C3A /* AuthenticationService.swift */ = {isa = PBXFileReference; lastKnownFileType = sourcecode.swift; path = AuthenticationService.swift; sourceTree = "<group>"; };
		EBE7A7DA2C6B3B2A00873C3A /* LoginIntroView.swift */ = {isa = PBXFileReference; lastKnownFileType = sourcecode.swift; path = LoginIntroView.swift; sourceTree = "<group>"; };
		EBE7A7DC2C6B3B4100873C3A /* MainTabView.swift */ = {isa = PBXFileReference; lastKnownFileType = sourcecode.swift; path = MainTabView.swift; sourceTree = "<group>"; };
		EBE7A7DE2C6B3FEE00873C3A /* LoginView.swift */ = {isa = PBXFileReference; lastKnownFileType = sourcecode.swift; path = LoginView.swift; sourceTree = "<group>"; };
		EBE7A7E02C6B40C600873C3A /* LoginButtonStyle.swift */ = {isa = PBXFileReference; lastKnownFileType = sourcecode.swift; path = LoginButtonStyle.swift; sourceTree = "<group>"; };
		EBE7A7E22C6B45A000873C3A /* View+Extension.swift */ = {isa = PBXFileReference; lastKnownFileType = sourcecode.swift; path = "View+Extension.swift"; sourceTree = "<group>"; };
		EBE7A7ED2C6B50CB00873C3A /* User.swift */ = {isa = PBXFileReference; lastKnownFileType = sourcecode.swift; path = User.swift; sourceTree = "<group>"; };
		EBE7A7EF2C6B510900873C3A /* ServiceError.swift */ = {isa = PBXFileReference; lastKnownFileType = sourcecode.swift; path = ServiceError.swift; sourceTree = "<group>"; };
		EBE7A7F12C6C45B500873C3A /* Lproject.entitlements */ = {isa = PBXFileReference; lastKnownFileType = text.plist.entitlements; path = Lproject.entitlements; sourceTree = "<group>"; };
		EBE7A7F32C6C486800873C3A /* RandomNonceString.swift */ = {isa = PBXFileReference; lastKnownFileType = sourcecode.swift; path = RandomNonceString.swift; sourceTree = "<group>"; };
		EBE7A7F52C6C487200873C3A /* SHA256.swift */ = {isa = PBXFileReference; lastKnownFileType = sourcecode.swift; path = SHA256.swift; sourceTree = "<group>"; };
		EBE7A7F72C6C83D900873C3A /* MainTabType.swift */ = {isa = PBXFileReference; lastKnownFileType = sourcecode.swift; path = MainTabType.swift; sourceTree = "<group>"; };
		EBE7A7FF2C6C857000873C3A /* ChatListView.swift */ = {isa = PBXFileReference; lastKnownFileType = sourcecode.swift; path = ChatListView.swift; sourceTree = "<group>"; };
		EBE7A8012C6C857A00873C3A /* HomeView.swift */ = {isa = PBXFileReference; lastKnownFileType = sourcecode.swift; path = HomeView.swift; sourceTree = "<group>"; };
		EBE7A83B2C7316DD00873C3A /* MyProfileViewModel.swift */ = {isa = PBXFileReference; lastKnownFileType = sourcecode.swift; path = MyProfileViewModel.swift; sourceTree = "<group>"; };
		EBE7A83D2C731AF200873C3A /* MyProfileMenuType.swift */ = {isa = PBXFileReference; lastKnownFileType = sourcecode.swift; path = MyProfileMenuType.swift; sourceTree = "<group>"; };
		EBE7A83F2C73236100873C3A /* MyProfileDescriptionEditView.swift */ = {isa = PBXFileReference; lastKnownFileType = sourcecode.swift; path = MyProfileDescriptionEditView.swift; sourceTree = "<group>"; };
/* End PBXFileReference section */

/* Begin PBXFrameworksBuildPhase section */
		EBE7A78B2C6AF99D00873C3A /* Frameworks */ = {
			isa = PBXFrameworksBuildPhase;
			buildActionMask = 2147483647;
			files = (
				19CF55CD2C7153B200FBC519 /* FirebaseDatabase in Frameworks */,
				EB79C7FA2C746A4300DDE3F2 /* FirebaseStorage in Frameworks */,
				EB79C7FC2C746A4300DDE3F2 /* FirebaseStorageCombine-Community in Frameworks */,
				EBE7A7D12C6B36C200873C3A /* FirebaseAuth in Frameworks */,
				EBE7A7EB2C6B4F5500873C3A /* GoogleSignInSwift in Frameworks */,
			);
			runOnlyForDeploymentPostprocessing = 0;
		};
		EBE7A79B2C6AF9A000873C3A /* Frameworks */ = {
			isa = PBXFrameworksBuildPhase;
			buildActionMask = 2147483647;
			files = (
			);
			runOnlyForDeploymentPostprocessing = 0;
		};
		EBE7A7A52C6AF9A000873C3A /* Frameworks */ = {
			isa = PBXFrameworksBuildPhase;
			buildActionMask = 2147483647;
			files = (
			);
			runOnlyForDeploymentPostprocessing = 0;
		};
/* End PBXFrameworksBuildPhase section */

/* Begin PBXGroup section */
		19CF55CB2C7153B200FBC519 /* Frameworks */ = {
			isa = PBXGroup;
			children = (
			);
			name = Frameworks;
			sourceTree = "<group>";
		};
		19CF55CE2C715A2D00FBC519 /* Repository */ = {
			isa = PBXGroup;
			children = (
				19CF55D32C71702200FBC519 /* DTO */,
				19CF55CF2C715AAB00FBC519 /* UserDBRepository.swift */,
				19CF55D62C71706A00FBC519 /* DBError.swift */,
				EB79C8502C77310F00DDE3F2 /* ChatRoomDBRepository.swift */,
			);
			path = Repository;
			sourceTree = "<group>";
		};
		19CF55D32C71702200FBC519 /* DTO */ = {
			isa = PBXGroup;
			children = (
				19CF55D42C71702C00FBC519 /* UserObject.swift */,
				EB79C8522C77316400DDE3F2 /* ChatRoomObject.swift */,
			);
			path = DTO;
			sourceTree = "<group>";
		};
		19CF55DE2C7209D700FBC519 /* View */ = {
			isa = PBXGroup;
			children = (
				EB79C8472C76F55C00DDE3F2 /* URLImage */,
				19CF55DC2C72099F00FBC519 /* PlaceholderView.swift */,
				19CF55DF2C7209E100FBC519 /* LoadingView.swift */,
				19CF55E12C720A1F00FBC519 /* ErrorView.swift */,
				EB79C8652C78664F00DDE3F2 /* SearchButton.swift */,
			);
			path = View;
			sourceTree = "<group>";
		};
		19CF55E52C720B6800FBC519 /* Profile */ = {
			isa = PBXGroup;
			children = (
				EB79C84B2C772CA900DDE3F2 /* OtherProfile */,
				EB79C84A2C772C9F00DDE3F2 /* MyProfile */,
			);
			path = Profile;
			sourceTree = "<group>";
		};
		EB79C7F62C74631200DDE3F2 /* PhotoPicker */ = {
			isa = PBXGroup;
			children = (
				EB79C7F42C745BC700DDE3F2 /* PhotoPickerService.swift */,
				EB79C7F72C74632600DDE3F2 /* PhotoImage.swift */,
			);
			path = PhotoPicker;
			sourceTree = "<group>";
		};
		EB79C7FD2C746A7900DDE3F2 /* Provider */ = {
			isa = PBXGroup;
			children = (
				EB79C7FE2C746A8A00DDE3F2 /* Upload */,
			);
			path = Provider;
			sourceTree = "<group>";
		};
		EB79C7FE2C746A8A00DDE3F2 /* Upload */ = {
			isa = PBXGroup;
			children = (
				EB79C7FF2C746A9700DDE3F2 /* UploadProvider.swift */,
			);
			path = Upload;
			sourceTree = "<group>";
		};
		EB79C8032C746C0100DDE3F2 /* Upload */ = {
			isa = PBXGroup;
			children = (
				EB79C8012C746B8400DDE3F2 /* UploadService.swift */,
				EB79C8042C746C0E00DDE3F2 /* UploadSourceType.swift */,
			);
			path = Upload;
			sourceTree = "<group>";
		};
		EB79C8082C74806800DDE3F2 /* ImageCache */ = {
			isa = PBXGroup;
			children = (
				EB79C80B2C74815F00DDE3F2 /* DiskStorage.swift */,
				EB79C8062C74800E00DDE3F2 /* ImageCacheService.swift */,
				EB79C8092C74807C00DDE3F2 /* MemoryStorage.swift */,
			);
			path = ImageCache;
			sourceTree = "<group>";
		};
		EB79C8472C76F55C00DDE3F2 /* URLImage */ = {
			isa = PBXGroup;
			children = (
				EB79C8442C76F54B00DDE3F2 /* URLImageView.swift */,
				EB79C8482C76F57800DDE3F2 /* URLImageViewModel.swift */,
			);
			path = URLImage;
			sourceTree = "<group>";
		};
		EB79C84A2C772C9F00DDE3F2 /* MyProfile */ = {
			isa = PBXGroup;
			children = (
				EBE7A83B2C7316DD00873C3A /* MyProfileViewModel.swift */,
				EBE7A83D2C731AF200873C3A /* MyProfileMenuType.swift */,
				EBE7A83F2C73236100873C3A /* MyProfileDescriptionEditView.swift */,
				19CF55E62C720B7A00FBC519 /* MyProfileView.swift */,
			);
			path = MyProfile;
			sourceTree = "<group>";
		};
		EB79C84B2C772CA900DDE3F2 /* OtherProfile */ = {
			isa = PBXGroup;
			children = (
				19CF55E82C720B8300FBC519 /* OtherProfileView.swift */,
				EB79C84C2C772CC400DDE3F2 /* OtherProfileViewModel.swift */,
				EB79C84E2C772F4300DDE3F2 /* OtherProfileMenuType.swift */,
			);
			path = OtherProfile;
			sourceTree = "<group>";
		};
		EB79C8582C785A0700DDE3F2 /* Navigation */ = {
			isa = PBXGroup;
			children = (
				EB79C8592C785A1B00DDE3F2 /* NavigationDestination.swift */,
				EB79C85B2C785A3700DDE3F2 /* NavigationRouter.swift */,
				EB79C8672C78674500DDE3F2 /* NavigationRoutingView.swift */,
			);
			path = Navigation;
			sourceTree = "<group>";
		};
		EB79C85D2C785BA900DDE3F2 /* Chat */ = {
			isa = PBXGroup;
			children = (
				EB79C85F2C785BB800DDE3F2 /* ChatView.swift */,
				EB79C8692C787A9300DDE3F2 /* ChatViewModel.swift */,
				EB79C8922C7C727800DDE3F2 /* ChatItemView.swift */,
				EB79C8942C7C72AA00DDE3F2 /* ChatItemDirection.swift */,
				EB79C8962C7D559300DDE3F2 /* KeyboardToolbar.swift */,
			);
			path = Chat;
			sourceTree = "<group>";
		};
		EB79C85E2C785BAE00DDE3F2 /* Search */ = {
			isa = PBXGroup;
			children = (
				EB79C8612C785BBF00DDE3F2 /* SearchView.swift */,
			);
			path = Search;
			sourceTree = "<group>";
		};
		EBE7A7852C6AF99D00873C3A = {
			isa = PBXGroup;
			children = (
				EBE7A7902C6AF99D00873C3A /* Lproject */,
				EBE7A7A12C6AF9A000873C3A /* LprojectTests */,
				EBE7A7AB2C6AF9A000873C3A /* LprojectUITests */,
				EBE7A78F2C6AF99D00873C3A /* Products */,
				19CF55CB2C7153B200FBC519 /* Frameworks */,
			);
			sourceTree = "<group>";
		};
		EBE7A78F2C6AF99D00873C3A /* Products */ = {
			isa = PBXGroup;
			children = (
				EBE7A78E2C6AF99D00873C3A /* Lproject.app */,
				EBE7A79E2C6AF9A000873C3A /* LprojectTests.xctest */,
				EBE7A7A82C6AF9A000873C3A /* LprojectUITests.xctest */,
			);
			name = Products;
			sourceTree = "<group>";
		};
		EBE7A7902C6AF99D00873C3A /* Lproject */ = {
			isa = PBXGroup;
			children = (
				EBE7A7F12C6C45B500873C3A /* Lproject.entitlements */,
				EBE7A7912C6AF99D00873C3A /* LprojectApp.swift */,
				EBE7A7D22C6B36EE00873C3A /* AppDelegate.swift */,
				EBE7A7C12C6B22FC00873C3A /* Info.plist */,
				19CF55C72C71463900FBC519 /* GoogleService-Info.plist */,
				EBE7A7C22C6B2AF900873C3A /* General */,
				EBE7A7C92C6B2B8E00873C3A /* View */,
				EBE7A7EC2C6B50B800873C3A /* Model */,
				EBE7A7C52C6B2B1C00873C3A /* Service */,
				19CF55CE2C715A2D00FBC519 /* Repository */,
				EB79C7FD2C746A7900DDE3F2 /* Provider */,
				EBE7A7F22C6C477000873C3A /* Util */,
				EBE7A7BE2C6B1CB100873C3A /* Extension */,
				EBE7A7BB2C6AF9F300873C3A /* Resource */,
				EBE7A7972C6AF99F00873C3A /* Preview Content */,
			);
			path = Lproject;
			sourceTree = "<group>";
		};
		EBE7A7972C6AF99F00873C3A /* Preview Content */ = {
			isa = PBXGroup;
			children = (
				EBE7A7982C6AF99F00873C3A /* Preview Assets.xcassets */,
			);
			path = "Preview Content";
			sourceTree = "<group>";
		};
		EBE7A7A12C6AF9A000873C3A /* LprojectTests */ = {
			isa = PBXGroup;
			children = (
				EBE7A7A22C6AF9A000873C3A /* LprojectTests.swift */,
			);
			path = LprojectTests;
			sourceTree = "<group>";
		};
		EBE7A7AB2C6AF9A000873C3A /* LprojectUITests */ = {
			isa = PBXGroup;
			children = (
				EBE7A7AC2C6AF9A000873C3A /* LprojectUITests.swift */,
				EBE7A7AE2C6AF9A000873C3A /* LprojectUITestsLaunchTests.swift */,
			);
			path = LprojectUITests;
			sourceTree = "<group>";
		};
		EBE7A7BB2C6AF9F300873C3A /* Resource */ = {
			isa = PBXGroup;
			children = (
				EBE7A7952C6AF99F00873C3A /* Assets.xcassets */,
				EBE7A7BC2C6AFA0900873C3A /* Colors.xcassets */,
			);
			path = Resource;
			sourceTree = "<group>";
		};
		EBE7A7BE2C6B1CB100873C3A /* Extension */ = {
			isa = PBXGroup;
			children = (
				EBE7A7BF2C6B1CC800873C3A /* Color+Extension.swift */,
				EBE7A7E22C6B45A000873C3A /* View+Extension.swift */,
				EB79C86F2C7883C900DDE3F2 /* Date+Extension.swift */,
			);
			path = Extension;
			sourceTree = "<group>";
		};
		EBE7A7C22C6B2AF900873C3A /* General */ = {
			isa = PBXGroup;
			children = (
				EB79C8582C785A0700DDE3F2 /* Navigation */,
				19CF55DE2C7209D700FBC519 /* View */,
				EBE7A7C32C6B2B0500873C3A /* DIContainer.swift */,
				19CF55D82C71724200FBC519 /* Constant.swift */,
				19CF55DA2C7208ED00FBC519 /* Phase.swift */,
			);
			path = General;
			sourceTree = "<group>";
		};
		EBE7A7C52C6B2B1C00873C3A /* Service */ = {
			isa = PBXGroup;
			children = (
				EB79C8082C74806800DDE3F2 /* ImageCache */,
				EB79C8032C746C0100DDE3F2 /* Upload */,
				EB79C7F62C74631200DDE3F2 /* PhotoPicker */,
				EBE7A7C72C6B2B2A00873C3A /* Services.swift */,
				EBE7A7D62C6B387500873C3A /* AuthenticationService.swift */,
				EBE7A7EF2C6B510900873C3A /* ServiceError.swift */,
				19CF55D12C715AD300FBC519 /* UserService.swift */,
				19CF55EA2C720E8300FBC519 /* ContactService.swift */,
				EB79C8542C78277A00DDE3F2 /* ChatRoomService.swift */,
			);
			path = Service;
			sourceTree = "<group>";
		};
		EBE7A7C92C6B2B8E00873C3A /* View */ = {
			isa = PBXGroup;
			children = (
				EB79C85E2C785BAE00DDE3F2 /* Search */,
				EB79C85D2C785BA900DDE3F2 /* Chat */,
				EBE7A7CA2C6B2B9900873C3A /* Authentication */,
				EBE7A7D82C6B3B0800873C3A /* Login */,
				EBE7A7D92C6B3B0F00873C3A /* MainTab */,
				EBE7A7F92C6C852200873C3A /* Home */,
				19CF55E52C720B6800FBC519 /* Profile */,
				EBE7A7FA2C6C852700873C3A /* ChatList */,
			);
			path = View;
			sourceTree = "<group>";
		};
		EBE7A7CA2C6B2B9900873C3A /* Authentication */ = {
			isa = PBXGroup;
			children = (
				EBE7A7932C6AF99D00873C3A /* AuthenticatedView.swift */,
				EBE7A7CB2C6B2BDB00873C3A /* AuthenticationViewModel.swift */,
			);
			path = Authentication;
			sourceTree = "<group>";
		};
		EBE7A7D82C6B3B0800873C3A /* Login */ = {
			isa = PBXGroup;
			children = (
				EBE7A7DA2C6B3B2A00873C3A /* LoginIntroView.swift */,
				EBE7A7DE2C6B3FEE00873C3A /* LoginView.swift */,
				EBE7A7E02C6B40C600873C3A /* LoginButtonStyle.swift */,
			);
			path = Login;
			sourceTree = "<group>";
		};
		EBE7A7D92C6B3B0F00873C3A /* MainTab */ = {
			isa = PBXGroup;
			children = (
				EBE7A7DC2C6B3B4100873C3A /* MainTabView.swift */,
				EBE7A7F72C6C83D900873C3A /* MainTabType.swift */,
			);
			path = MainTab;
			sourceTree = "<group>";
		};
		EBE7A7EC2C6B50B800873C3A /* Model */ = {
			isa = PBXGroup;
			children = (
				EBE7A7ED2C6B50CB00873C3A /* User.swift */,
				EB79C8562C78284800DDE3F2 /* ChatRoom.swift */,
				EB79C86B2C78829500DDE3F2 /* Chat.swift */,
				EB79C86D2C78834D00DDE3F2 /* ChatData.swift */,
			);
			path = Model;
			sourceTree = "<group>";
		};
		EBE7A7F22C6C477000873C3A /* Util */ = {
			isa = PBXGroup;
			children = (
				EBE7A7F32C6C486800873C3A /* RandomNonceString.swift */,
				EBE7A7F52C6C487200873C3A /* SHA256.swift */,
			);
			path = Util;
			sourceTree = "<group>";
		};
		EBE7A7F92C6C852200873C3A /* Home */ = {
			isa = PBXGroup;
			children = (
				EBE7A8012C6C857A00873C3A /* HomeView.swift */,
				19CF55E32C720AB200FBC519 /* HomeModalDestination.swift */,
				19CF55C92C714D6F00FBC519 /* HomeViewModel.swift */,
			);
			path = Home;
			sourceTree = "<group>";
		};
		EBE7A7FA2C6C852700873C3A /* ChatList */ = {
			isa = PBXGroup;
			children = (
				EBE7A7FF2C6C857000873C3A /* ChatListView.swift */,
				EB79C8632C7864B900DDE3F2 /* ChatListViewModel.swift */,
			);
			path = ChatList;
			sourceTree = "<group>";
		};
/* End PBXGroup section */

/* Begin PBXNativeTarget section */
		EBE7A78D2C6AF99D00873C3A /* Lproject */ = {
			isa = PBXNativeTarget;
			buildConfigurationList = EBE7A7B22C6AF9A000873C3A /* Build configuration list for PBXNativeTarget "Lproject" */;
			buildPhases = (
				EBE7A78A2C6AF99D00873C3A /* Sources */,
				EBE7A78B2C6AF99D00873C3A /* Frameworks */,
				EBE7A78C2C6AF99D00873C3A /* Resources */,
			);
			buildRules = (
			);
			dependencies = (
			);
			name = Lproject;
			packageProductDependencies = (
				EBE7A7D02C6B36C200873C3A /* FirebaseAuth */,
				EBE7A7EA2C6B4F5500873C3A /* GoogleSignInSwift */,
				19CF55CC2C7153B200FBC519 /* FirebaseDatabase */,
				EB79C7F92C746A4300DDE3F2 /* FirebaseStorage */,
				EB79C7FB2C746A4300DDE3F2 /* FirebaseStorageCombine-Community */,
			);
			productName = Lproject;
			productReference = EBE7A78E2C6AF99D00873C3A /* Lproject.app */;
			productType = "com.apple.product-type.application";
		};
		EBE7A79D2C6AF9A000873C3A /* LprojectTests */ = {
			isa = PBXNativeTarget;
			buildConfigurationList = EBE7A7B52C6AF9A000873C3A /* Build configuration list for PBXNativeTarget "LprojectTests" */;
			buildPhases = (
				EBE7A79A2C6AF9A000873C3A /* Sources */,
				EBE7A79B2C6AF9A000873C3A /* Frameworks */,
				EBE7A79C2C6AF9A000873C3A /* Resources */,
			);
			buildRules = (
			);
			dependencies = (
				EBE7A7A02C6AF9A000873C3A /* PBXTargetDependency */,
			);
			name = LprojectTests;
			productName = LprojectTests;
			productReference = EBE7A79E2C6AF9A000873C3A /* LprojectTests.xctest */;
			productType = "com.apple.product-type.bundle.unit-test";
		};
		EBE7A7A72C6AF9A000873C3A /* LprojectUITests */ = {
			isa = PBXNativeTarget;
			buildConfigurationList = EBE7A7B82C6AF9A000873C3A /* Build configuration list for PBXNativeTarget "LprojectUITests" */;
			buildPhases = (
				EBE7A7A42C6AF9A000873C3A /* Sources */,
				EBE7A7A52C6AF9A000873C3A /* Frameworks */,
				EBE7A7A62C6AF9A000873C3A /* Resources */,
			);
			buildRules = (
			);
			dependencies = (
				EBE7A7AA2C6AF9A000873C3A /* PBXTargetDependency */,
			);
			name = LprojectUITests;
			productName = LprojectUITests;
			productReference = EBE7A7A82C6AF9A000873C3A /* LprojectUITests.xctest */;
			productType = "com.apple.product-type.bundle.ui-testing";
		};
/* End PBXNativeTarget section */

/* Begin PBXProject section */
		EBE7A7862C6AF99D00873C3A /* Project object */ = {
			isa = PBXProject;
			attributes = {
				BuildIndependentTargetsInParallel = 1;
				LastSwiftUpdateCheck = 1500;
				LastUpgradeCheck = 1500;
				TargetAttributes = {
					EBE7A78D2C6AF99D00873C3A = {
						CreatedOnToolsVersion = 15.0.1;
					};
					EBE7A79D2C6AF9A000873C3A = {
						CreatedOnToolsVersion = 15.0.1;
						TestTargetID = EBE7A78D2C6AF99D00873C3A;
					};
					EBE7A7A72C6AF9A000873C3A = {
						CreatedOnToolsVersion = 15.0.1;
						TestTargetID = EBE7A78D2C6AF99D00873C3A;
					};
				};
			};
			buildConfigurationList = EBE7A7892C6AF99D00873C3A /* Build configuration list for PBXProject "Lproject" */;
			compatibilityVersion = "Xcode 14.0";
			developmentRegion = en;
			hasScannedForEncodings = 0;
			knownRegions = (
				en,
				Base,
			);
			mainGroup = EBE7A7852C6AF99D00873C3A;
			packageReferences = (
				EBE7A7CF2C6B36C200873C3A /* XCRemoteSwiftPackageReference "firebase-ios-sdk" */,
				EBE7A7E92C6B4F5500873C3A /* XCRemoteSwiftPackageReference "GoogleSignIn-iOS" */,
			);
			productRefGroup = EBE7A78F2C6AF99D00873C3A /* Products */;
			projectDirPath = "";
			projectRoot = "";
			targets = (
				EBE7A78D2C6AF99D00873C3A /* Lproject */,
				EBE7A79D2C6AF9A000873C3A /* LprojectTests */,
				EBE7A7A72C6AF9A000873C3A /* LprojectUITests */,
			);
		};
/* End PBXProject section */

/* Begin PBXResourcesBuildPhase section */
		EBE7A78C2C6AF99D00873C3A /* Resources */ = {
			isa = PBXResourcesBuildPhase;
			buildActionMask = 2147483647;
			files = (
				EBE7A7BD2C6AFA0900873C3A /* Colors.xcassets in Resources */,
				19CF55C82C71463900FBC519 /* GoogleService-Info.plist in Resources */,
				EBE7A7992C6AF99F00873C3A /* Preview Assets.xcassets in Resources */,
				EBE7A7962C6AF99F00873C3A /* Assets.xcassets in Resources */,
			);
			runOnlyForDeploymentPostprocessing = 0;
		};
		EBE7A79C2C6AF9A000873C3A /* Resources */ = {
			isa = PBXResourcesBuildPhase;
			buildActionMask = 2147483647;
			files = (
			);
			runOnlyForDeploymentPostprocessing = 0;
		};
		EBE7A7A62C6AF9A000873C3A /* Resources */ = {
			isa = PBXResourcesBuildPhase;
			buildActionMask = 2147483647;
			files = (
			);
			runOnlyForDeploymentPostprocessing = 0;
		};
/* End PBXResourcesBuildPhase section */

/* Begin PBXSourcesBuildPhase section */
		EBE7A78A2C6AF99D00873C3A /* Sources */ = {
			isa = PBXSourcesBuildPhase;
			buildActionMask = 2147483647;
			files = (
				EB79C86E2C78834D00DDE3F2 /* ChatData.swift in Sources */,
				EB79C8022C746B8400DDE3F2 /* UploadService.swift in Sources */,
				EB79C8622C785BBF00DDE3F2 /* SearchView.swift in Sources */,
				EB79C8662C78664F00DDE3F2 /* SearchButton.swift in Sources */,
				EB79C7F52C745BC700DDE3F2 /* PhotoPickerService.swift in Sources */,
				EBE7A83E2C731AF200873C3A /* MyProfileMenuType.swift in Sources */,
				19CF55E72C720B7A00FBC519 /* MyProfileView.swift in Sources */,
				EB79C8602C785BB800DDE3F2 /* ChatView.swift in Sources */,
				EBE7A7F02C6B510900873C3A /* ServiceError.swift in Sources */,
				EB79C8532C77316400DDE3F2 /* ChatRoomObject.swift in Sources */,
				EB79C84D2C772CC400DDE3F2 /* OtherProfileViewModel.swift in Sources */,
				EBE7A7DB2C6B3B2A00873C3A /* LoginIntroView.swift in Sources */,
				EBE7A7CC2C6B2BDB00873C3A /* AuthenticationViewModel.swift in Sources */,
				EBE7A7C82C6B2B2A00873C3A /* Services.swift in Sources */,
				19CF55E42C720AB200FBC519 /* HomeModalDestination.swift in Sources */,
				EBE7A7C42C6B2B0500873C3A /* DIContainer.swift in Sources */,
				EBE7A7942C6AF99D00873C3A /* AuthenticatedView.swift in Sources */,
				EBE7A7D32C6B36EE00873C3A /* AppDelegate.swift in Sources */,
				19CF55D22C715AD300FBC519 /* UserService.swift in Sources */,
				EBE7A8402C73236100873C3A /* MyProfileDescriptionEditView.swift in Sources */,
				EB79C84F2C772F4300DDE3F2 /* OtherProfileMenuType.swift in Sources */,
				EB79C8702C7883C900DDE3F2 /* Date+Extension.swift in Sources */,
				EB79C7F82C74632600DDE3F2 /* PhotoImage.swift in Sources */,
				EB79C8972C7D559300DDE3F2 /* KeyboardToolbar.swift in Sources */,
				19CF55DB2C7208ED00FBC519 /* Phase.swift in Sources */,
				EB79C8002C746A9700DDE3F2 /* UploadProvider.swift in Sources */,
				EBE7A7EE2C6B50CB00873C3A /* User.swift in Sources */,
				19CF55D92C71724200FBC519 /* Constant.swift in Sources */,
				EBE7A7C02C6B1CC800873C3A /* Color+Extension.swift in Sources */,
				19CF55D72C71706A00FBC519 /* DBError.swift in Sources */,
				EBE7A7E12C6B40C600873C3A /* LoginButtonStyle.swift in Sources */,
				EB79C8452C76F54B00DDE3F2 /* URLImageView.swift in Sources */,
				EBE7A7922C6AF99D00873C3A /* LprojectApp.swift in Sources */,
				EB79C80C2C74816000DDE3F2 /* DiskStorage.swift in Sources */,
				EB79C8072C74800E00DDE3F2 /* ImageCacheService.swift in Sources */,
				EBE7A7F62C6C487200873C3A /* SHA256.swift in Sources */,
				EBE7A7DF2C6B3FEE00873C3A /* LoginView.swift in Sources */,
				EB79C8572C78284800DDE3F2 /* ChatRoom.swift in Sources */,
				EBE7A8022C6C857A00873C3A /* HomeView.swift in Sources */,
				EB79C86A2C787A9300DDE3F2 /* ChatViewModel.swift in Sources */,
				EBE7A7E32C6B45A000873C3A /* View+Extension.swift in Sources */,
				EB79C85A2C785A1B00DDE3F2 /* NavigationDestination.swift in Sources */,
				EBE7A7F82C6C83D900873C3A /* MainTabType.swift in Sources */,
				EBE7A83C2C7316DD00873C3A /* MyProfileViewModel.swift in Sources */,
				19CF55D52C71702C00FBC519 /* UserObject.swift in Sources */,
				EB79C8952C7C72AA00DDE3F2 /* ChatItemDirection.swift in Sources */,
				EB79C8932C7C727800DDE3F2 /* ChatItemView.swift in Sources */,
				EB79C85C2C785A3700DDE3F2 /* NavigationRouter.swift in Sources */,
				19CF55CA2C714D6F00FBC519 /* HomeViewModel.swift in Sources */,
				19CF55DD2C72099F00FBC519 /* PlaceholderView.swift in Sources */,
				EBE7A8002C6C857000873C3A /* ChatListView.swift in Sources */,
				EB79C8682C78674500DDE3F2 /* NavigationRoutingView.swift in Sources */,
				EB79C8052C746C0E00DDE3F2 /* UploadSourceType.swift in Sources */,
				19CF55EB2C720E8300FBC519 /* ContactService.swift in Sources */,
				EB79C8492C76F57800DDE3F2 /* URLImageViewModel.swift in Sources */,
				19CF55E92C720B8300FBC519 /* OtherProfileView.swift in Sources */,
				19CF55D02C715AAB00FBC519 /* UserDBRepository.swift in Sources */,
				19CF55E22C720A2000FBC519 /* ErrorView.swift in Sources */,
				EB79C8512C77310F00DDE3F2 /* ChatRoomDBRepository.swift in Sources */,
				19CF55E02C7209E100FBC519 /* LoadingView.swift in Sources */,
				EB79C80A2C74807C00DDE3F2 /* MemoryStorage.swift in Sources */,
				EBE7A7F42C6C486800873C3A /* RandomNonceString.swift in Sources */,
				EBE7A7D72C6B387500873C3A /* AuthenticationService.swift in Sources */,
				EB79C8552C78277A00DDE3F2 /* ChatRoomService.swift in Sources */,
				EB79C8642C7864B900DDE3F2 /* ChatListViewModel.swift in Sources */,
				EBE7A7DD2C6B3B4100873C3A /* MainTabView.swift in Sources */,
				EB79C86C2C78829500DDE3F2 /* Chat.swift in Sources */,
			);
			runOnlyForDeploymentPostprocessing = 0;
		};
		EBE7A79A2C6AF9A000873C3A /* Sources */ = {
			isa = PBXSourcesBuildPhase;
			buildActionMask = 2147483647;
			files = (
				EBE7A7A32C6AF9A000873C3A /* LprojectTests.swift in Sources */,
			);
			runOnlyForDeploymentPostprocessing = 0;
		};
		EBE7A7A42C6AF9A000873C3A /* Sources */ = {
			isa = PBXSourcesBuildPhase;
			buildActionMask = 2147483647;
			files = (
				EBE7A7AF2C6AF9A000873C3A /* LprojectUITestsLaunchTests.swift in Sources */,
				EBE7A7AD2C6AF9A000873C3A /* LprojectUITests.swift in Sources */,
			);
			runOnlyForDeploymentPostprocessing = 0;
		};
/* End PBXSourcesBuildPhase section */

/* Begin PBXTargetDependency section */
		EBE7A7A02C6AF9A000873C3A /* PBXTargetDependency */ = {
			isa = PBXTargetDependency;
			target = EBE7A78D2C6AF99D00873C3A /* Lproject */;
			targetProxy = EBE7A79F2C6AF9A000873C3A /* PBXContainerItemProxy */;
		};
		EBE7A7AA2C6AF9A000873C3A /* PBXTargetDependency */ = {
			isa = PBXTargetDependency;
			target = EBE7A78D2C6AF99D00873C3A /* Lproject */;
			targetProxy = EBE7A7A92C6AF9A000873C3A /* PBXContainerItemProxy */;
		};
/* End PBXTargetDependency section */

/* Begin XCBuildConfiguration section */
		EBE7A7B02C6AF9A000873C3A /* Debug */ = {
			isa = XCBuildConfiguration;
			buildSettings = {
				ALWAYS_SEARCH_USER_PATHS = NO;
				ASSETCATALOG_COMPILER_GENERATE_SWIFT_ASSET_SYMBOL_EXTENSIONS = YES;
				CLANG_ANALYZER_NONNULL = YES;
				CLANG_ANALYZER_NUMBER_OBJECT_CONVERSION = YES_AGGRESSIVE;
				CLANG_CXX_LANGUAGE_STANDARD = "gnu++20";
				CLANG_ENABLE_MODULES = YES;
				CLANG_ENABLE_OBJC_ARC = YES;
				CLANG_ENABLE_OBJC_WEAK = YES;
				CLANG_WARN_BLOCK_CAPTURE_AUTORELEASING = YES;
				CLANG_WARN_BOOL_CONVERSION = YES;
				CLANG_WARN_COMMA = YES;
				CLANG_WARN_CONSTANT_CONVERSION = YES;
				CLANG_WARN_DEPRECATED_OBJC_IMPLEMENTATIONS = YES;
				CLANG_WARN_DIRECT_OBJC_ISA_USAGE = YES_ERROR;
				CLANG_WARN_DOCUMENTATION_COMMENTS = YES;
				CLANG_WARN_EMPTY_BODY = YES;
				CLANG_WARN_ENUM_CONVERSION = YES;
				CLANG_WARN_INFINITE_RECURSION = YES;
				CLANG_WARN_INT_CONVERSION = YES;
				CLANG_WARN_NON_LITERAL_NULL_CONVERSION = YES;
				CLANG_WARN_OBJC_IMPLICIT_RETAIN_SELF = YES;
				CLANG_WARN_OBJC_LITERAL_CONVERSION = YES;
				CLANG_WARN_OBJC_ROOT_CLASS = YES_ERROR;
				CLANG_WARN_QUOTED_INCLUDE_IN_FRAMEWORK_HEADER = YES;
				CLANG_WARN_RANGE_LOOP_ANALYSIS = YES;
				CLANG_WARN_STRICT_PROTOTYPES = YES;
				CLANG_WARN_SUSPICIOUS_MOVE = YES;
				CLANG_WARN_UNGUARDED_AVAILABILITY = YES_AGGRESSIVE;
				CLANG_WARN_UNREACHABLE_CODE = YES;
				CLANG_WARN__DUPLICATE_METHOD_MATCH = YES;
				COPY_PHASE_STRIP = NO;
				DEBUG_INFORMATION_FORMAT = dwarf;
				ENABLE_STRICT_OBJC_MSGSEND = YES;
				ENABLE_TESTABILITY = YES;
				ENABLE_USER_SCRIPT_SANDBOXING = YES;
				GCC_C_LANGUAGE_STANDARD = gnu17;
				GCC_DYNAMIC_NO_PIC = NO;
				GCC_NO_COMMON_BLOCKS = YES;
				GCC_OPTIMIZATION_LEVEL = 0;
				GCC_PREPROCESSOR_DEFINITIONS = (
					"DEBUG=1",
					"$(inherited)",
				);
				GCC_WARN_64_TO_32_BIT_CONVERSION = YES;
				GCC_WARN_ABOUT_RETURN_TYPE = YES_ERROR;
				GCC_WARN_UNDECLARED_SELECTOR = YES;
				GCC_WARN_UNINITIALIZED_AUTOS = YES_AGGRESSIVE;
				GCC_WARN_UNUSED_FUNCTION = YES;
				GCC_WARN_UNUSED_VARIABLE = YES;
				IPHONEOS_DEPLOYMENT_TARGET = 17.0;
				LOCALIZATION_PREFERS_STRING_CATALOGS = YES;
				MTL_ENABLE_DEBUG_INFO = INCLUDE_SOURCE;
				MTL_FAST_MATH = YES;
				ONLY_ACTIVE_ARCH = YES;
				SDKROOT = iphoneos;
				SWIFT_ACTIVE_COMPILATION_CONDITIONS = "DEBUG $(inherited)";
				SWIFT_OPTIMIZATION_LEVEL = "-Onone";
			};
			name = Debug;
		};
		EBE7A7B12C6AF9A000873C3A /* Release */ = {
			isa = XCBuildConfiguration;
			buildSettings = {
				ALWAYS_SEARCH_USER_PATHS = NO;
				ASSETCATALOG_COMPILER_GENERATE_SWIFT_ASSET_SYMBOL_EXTENSIONS = YES;
				CLANG_ANALYZER_NONNULL = YES;
				CLANG_ANALYZER_NUMBER_OBJECT_CONVERSION = YES_AGGRESSIVE;
				CLANG_CXX_LANGUAGE_STANDARD = "gnu++20";
				CLANG_ENABLE_MODULES = YES;
				CLANG_ENABLE_OBJC_ARC = YES;
				CLANG_ENABLE_OBJC_WEAK = YES;
				CLANG_WARN_BLOCK_CAPTURE_AUTORELEASING = YES;
				CLANG_WARN_BOOL_CONVERSION = YES;
				CLANG_WARN_COMMA = YES;
				CLANG_WARN_CONSTANT_CONVERSION = YES;
				CLANG_WARN_DEPRECATED_OBJC_IMPLEMENTATIONS = YES;
				CLANG_WARN_DIRECT_OBJC_ISA_USAGE = YES_ERROR;
				CLANG_WARN_DOCUMENTATION_COMMENTS = YES;
				CLANG_WARN_EMPTY_BODY = YES;
				CLANG_WARN_ENUM_CONVERSION = YES;
				CLANG_WARN_INFINITE_RECURSION = YES;
				CLANG_WARN_INT_CONVERSION = YES;
				CLANG_WARN_NON_LITERAL_NULL_CONVERSION = YES;
				CLANG_WARN_OBJC_IMPLICIT_RETAIN_SELF = YES;
				CLANG_WARN_OBJC_LITERAL_CONVERSION = YES;
				CLANG_WARN_OBJC_ROOT_CLASS = YES_ERROR;
				CLANG_WARN_QUOTED_INCLUDE_IN_FRAMEWORK_HEADER = YES;
				CLANG_WARN_RANGE_LOOP_ANALYSIS = YES;
				CLANG_WARN_STRICT_PROTOTYPES = YES;
				CLANG_WARN_SUSPICIOUS_MOVE = YES;
				CLANG_WARN_UNGUARDED_AVAILABILITY = YES_AGGRESSIVE;
				CLANG_WARN_UNREACHABLE_CODE = YES;
				CLANG_WARN__DUPLICATE_METHOD_MATCH = YES;
				COPY_PHASE_STRIP = NO;
				DEBUG_INFORMATION_FORMAT = "dwarf-with-dsym";
				ENABLE_NS_ASSERTIONS = NO;
				ENABLE_STRICT_OBJC_MSGSEND = YES;
				ENABLE_USER_SCRIPT_SANDBOXING = YES;
				GCC_C_LANGUAGE_STANDARD = gnu17;
				GCC_NO_COMMON_BLOCKS = YES;
				GCC_WARN_64_TO_32_BIT_CONVERSION = YES;
				GCC_WARN_ABOUT_RETURN_TYPE = YES_ERROR;
				GCC_WARN_UNDECLARED_SELECTOR = YES;
				GCC_WARN_UNINITIALIZED_AUTOS = YES_AGGRESSIVE;
				GCC_WARN_UNUSED_FUNCTION = YES;
				GCC_WARN_UNUSED_VARIABLE = YES;
				IPHONEOS_DEPLOYMENT_TARGET = 17.0;
				LOCALIZATION_PREFERS_STRING_CATALOGS = YES;
				MTL_ENABLE_DEBUG_INFO = NO;
				MTL_FAST_MATH = YES;
				SDKROOT = iphoneos;
				SWIFT_COMPILATION_MODE = wholemodule;
				VALIDATE_PRODUCT = YES;
			};
			name = Release;
		};
		EBE7A7B32C6AF9A000873C3A /* Debug */ = {
			isa = XCBuildConfiguration;
			buildSettings = {
				ASSETCATALOG_COMPILER_APPICON_NAME = AppIcon;
				ASSETCATALOG_COMPILER_GENERATE_SWIFT_ASSET_SYMBOL_EXTENSIONS = NO;
				ASSETCATALOG_COMPILER_GLOBAL_ACCENT_COLOR_NAME = AccentColor;
				CODE_SIGN_ENTITLEMENTS = Lproject/Lproject.entitlements;
				CODE_SIGN_STYLE = Automatic;
				CURRENT_PROJECT_VERSION = 1;
				DEVELOPMENT_ASSET_PATHS = "\"Lproject/Preview Content\"";
				DEVELOPMENT_TEAM = 6973WVKMZ8;
				ENABLE_PREVIEWS = YES;
				GENERATE_INFOPLIST_FILE = YES;
				INFOPLIST_FILE = Lproject/Info.plist;
				INFOPLIST_KEY_NSContactsUsageDescription = "친구 목록을 가져옵니다";
				INFOPLIST_KEY_UIApplicationSceneManifest_Generation = YES;
				INFOPLIST_KEY_UIApplicationSupportsIndirectInputEvents = YES;
				INFOPLIST_KEY_UISupportedInterfaceOrientations = UIInterfaceOrientationPortrait;
				IPHONEOS_DEPLOYMENT_TARGET = 16.0;
				LD_RUNPATH_SEARCH_PATHS = (
					"$(inherited)",
					"@executable_path/Frameworks",
				);
				MARKETING_VERSION = 1.0;
				PRODUCT_BUNDLE_IDENTIFIER = org.jae.Lproject;
				PRODUCT_NAME = "$(TARGET_NAME)";
				SWIFT_EMIT_LOC_STRINGS = YES;
				SWIFT_VERSION = 5.0;
				TARGETED_DEVICE_FAMILY = "1,2";
			};
			name = Debug;
		};
		EBE7A7B42C6AF9A000873C3A /* Release */ = {
			isa = XCBuildConfiguration;
			buildSettings = {
				ASSETCATALOG_COMPILER_APPICON_NAME = AppIcon;
				ASSETCATALOG_COMPILER_GENERATE_SWIFT_ASSET_SYMBOL_EXTENSIONS = NO;
				ASSETCATALOG_COMPILER_GLOBAL_ACCENT_COLOR_NAME = AccentColor;
				CODE_SIGN_ENTITLEMENTS = Lproject/Lproject.entitlements;
				CODE_SIGN_STYLE = Automatic;
				CURRENT_PROJECT_VERSION = 1;
				DEVELOPMENT_ASSET_PATHS = "\"Lproject/Preview Content\"";
				DEVELOPMENT_TEAM = 6973WVKMZ8;
				ENABLE_PREVIEWS = YES;
				GENERATE_INFOPLIST_FILE = YES;
				INFOPLIST_FILE = Lproject/Info.plist;
				INFOPLIST_KEY_NSContactsUsageDescription = "친구 목록을 가져옵니다";
				INFOPLIST_KEY_UIApplicationSceneManifest_Generation = YES;
				INFOPLIST_KEY_UIApplicationSupportsIndirectInputEvents = YES;
				INFOPLIST_KEY_UISupportedInterfaceOrientations = UIInterfaceOrientationPortrait;
				IPHONEOS_DEPLOYMENT_TARGET = 16.0;
				LD_RUNPATH_SEARCH_PATHS = (
					"$(inherited)",
					"@executable_path/Frameworks",
				);
				MARKETING_VERSION = 1.0;
				PRODUCT_BUNDLE_IDENTIFIER = org.jae.Lproject;
				PRODUCT_NAME = "$(TARGET_NAME)";
				SWIFT_EMIT_LOC_STRINGS = YES;
				SWIFT_VERSION = 5.0;
				TARGETED_DEVICE_FAMILY = "1,2";
			};
			name = Release;
		};
		EBE7A7B62C6AF9A000873C3A /* Debug */ = {
			isa = XCBuildConfiguration;
			buildSettings = {
				ALWAYS_EMBED_SWIFT_STANDARD_LIBRARIES = YES;
				BUNDLE_LOADER = "$(TEST_HOST)";
				CODE_SIGN_STYLE = Automatic;
				CURRENT_PROJECT_VERSION = 1;
				DEVELOPMENT_TEAM = 6973WVKMZ8;
				GENERATE_INFOPLIST_FILE = YES;
				IPHONEOS_DEPLOYMENT_TARGET = 17.0;
				MARKETING_VERSION = 1.0;
				PRODUCT_BUNDLE_IDENTIFIER = org.jae.LprojectTests;
				PRODUCT_NAME = "$(TARGET_NAME)";
				SWIFT_EMIT_LOC_STRINGS = NO;
				SWIFT_VERSION = 5.0;
				TARGETED_DEVICE_FAMILY = "1,2";
				TEST_HOST = "$(BUILT_PRODUCTS_DIR)/Lproject.app/$(BUNDLE_EXECUTABLE_FOLDER_PATH)/Lproject";
			};
			name = Debug;
		};
		EBE7A7B72C6AF9A000873C3A /* Release */ = {
			isa = XCBuildConfiguration;
			buildSettings = {
				ALWAYS_EMBED_SWIFT_STANDARD_LIBRARIES = YES;
				BUNDLE_LOADER = "$(TEST_HOST)";
				CODE_SIGN_STYLE = Automatic;
				CURRENT_PROJECT_VERSION = 1;
				DEVELOPMENT_TEAM = 6973WVKMZ8;
				GENERATE_INFOPLIST_FILE = YES;
				IPHONEOS_DEPLOYMENT_TARGET = 17.0;
				MARKETING_VERSION = 1.0;
				PRODUCT_BUNDLE_IDENTIFIER = org.jae.LprojectTests;
				PRODUCT_NAME = "$(TARGET_NAME)";
				SWIFT_EMIT_LOC_STRINGS = NO;
				SWIFT_VERSION = 5.0;
				TARGETED_DEVICE_FAMILY = "1,2";
				TEST_HOST = "$(BUILT_PRODUCTS_DIR)/Lproject.app/$(BUNDLE_EXECUTABLE_FOLDER_PATH)/Lproject";
			};
			name = Release;
		};
		EBE7A7B92C6AF9A000873C3A /* Debug */ = {
			isa = XCBuildConfiguration;
			buildSettings = {
				ALWAYS_EMBED_SWIFT_STANDARD_LIBRARIES = YES;
				CODE_SIGN_STYLE = Automatic;
				CURRENT_PROJECT_VERSION = 1;
				DEVELOPMENT_TEAM = 6973WVKMZ8;
				GENERATE_INFOPLIST_FILE = YES;
				MARKETING_VERSION = 1.0;
				PRODUCT_BUNDLE_IDENTIFIER = org.jae.LprojectUITests;
				PRODUCT_NAME = "$(TARGET_NAME)";
				SWIFT_EMIT_LOC_STRINGS = NO;
				SWIFT_VERSION = 5.0;
				TARGETED_DEVICE_FAMILY = "1,2";
				TEST_TARGET_NAME = Lproject;
			};
			name = Debug;
		};
		EBE7A7BA2C6AF9A000873C3A /* Release */ = {
			isa = XCBuildConfiguration;
			buildSettings = {
				ALWAYS_EMBED_SWIFT_STANDARD_LIBRARIES = YES;
				CODE_SIGN_STYLE = Automatic;
				CURRENT_PROJECT_VERSION = 1;
				DEVELOPMENT_TEAM = 6973WVKMZ8;
				GENERATE_INFOPLIST_FILE = YES;
				MARKETING_VERSION = 1.0;
				PRODUCT_BUNDLE_IDENTIFIER = org.jae.LprojectUITests;
				PRODUCT_NAME = "$(TARGET_NAME)";
				SWIFT_EMIT_LOC_STRINGS = NO;
				SWIFT_VERSION = 5.0;
				TARGETED_DEVICE_FAMILY = "1,2";
				TEST_TARGET_NAME = Lproject;
			};
			name = Release;
		};
/* End XCBuildConfiguration section */

/* Begin XCConfigurationList section */
		EBE7A7892C6AF99D00873C3A /* Build configuration list for PBXProject "Lproject" */ = {
			isa = XCConfigurationList;
			buildConfigurations = (
				EBE7A7B02C6AF9A000873C3A /* Debug */,
				EBE7A7B12C6AF9A000873C3A /* Release */,
			);
			defaultConfigurationIsVisible = 0;
			defaultConfigurationName = Release;
		};
		EBE7A7B22C6AF9A000873C3A /* Build configuration list for PBXNativeTarget "Lproject" */ = {
			isa = XCConfigurationList;
			buildConfigurations = (
				EBE7A7B32C6AF9A000873C3A /* Debug */,
				EBE7A7B42C6AF9A000873C3A /* Release */,
			);
			defaultConfigurationIsVisible = 0;
			defaultConfigurationName = Release;
		};
		EBE7A7B52C6AF9A000873C3A /* Build configuration list for PBXNativeTarget "LprojectTests" */ = {
			isa = XCConfigurationList;
			buildConfigurations = (
				EBE7A7B62C6AF9A000873C3A /* Debug */,
				EBE7A7B72C6AF9A000873C3A /* Release */,
			);
			defaultConfigurationIsVisible = 0;
			defaultConfigurationName = Release;
		};
		EBE7A7B82C6AF9A000873C3A /* Build configuration list for PBXNativeTarget "LprojectUITests" */ = {
			isa = XCConfigurationList;
			buildConfigurations = (
				EBE7A7B92C6AF9A000873C3A /* Debug */,
				EBE7A7BA2C6AF9A000873C3A /* Release */,
			);
			defaultConfigurationIsVisible = 0;
			defaultConfigurationName = Release;
		};
/* End XCConfigurationList section */

/* Begin XCRemoteSwiftPackageReference section */
		EBE7A7CF2C6B36C200873C3A /* XCRemoteSwiftPackageReference "firebase-ios-sdk" */ = {
			isa = XCRemoteSwiftPackageReference;
			repositoryURL = "https://github.com/firebase/firebase-ios-sdk.git";
			requirement = {
				kind = upToNextMajorVersion;
				minimumVersion = 11.0.0;
			};
		};
		EBE7A7E92C6B4F5500873C3A /* XCRemoteSwiftPackageReference "GoogleSignIn-iOS" */ = {
			isa = XCRemoteSwiftPackageReference;
			repositoryURL = "https://github.com/google/GoogleSignIn-iOS";
			requirement = {
				kind = upToNextMajorVersion;
				minimumVersion = 7.1.0;
			};
		};
/* End XCRemoteSwiftPackageReference section */

/* Begin XCSwiftPackageProductDependency section */
		19CF55CC2C7153B200FBC519 /* FirebaseDatabase */ = {
			isa = XCSwiftPackageProductDependency;
			package = EBE7A7CF2C6B36C200873C3A /* XCRemoteSwiftPackageReference "firebase-ios-sdk" */;
			productName = FirebaseDatabase;
		};
		EB79C7F92C746A4300DDE3F2 /* FirebaseStorage */ = {
			isa = XCSwiftPackageProductDependency;
			package = EBE7A7CF2C6B36C200873C3A /* XCRemoteSwiftPackageReference "firebase-ios-sdk" */;
			productName = FirebaseStorage;
		};
		EB79C7FB2C746A4300DDE3F2 /* FirebaseStorageCombine-Community */ = {
			isa = XCSwiftPackageProductDependency;
			package = EBE7A7CF2C6B36C200873C3A /* XCRemoteSwiftPackageReference "firebase-ios-sdk" */;
			productName = "FirebaseStorageCombine-Community";
		};
		EBE7A7D02C6B36C200873C3A /* FirebaseAuth */ = {
			isa = XCSwiftPackageProductDependency;
			package = EBE7A7CF2C6B36C200873C3A /* XCRemoteSwiftPackageReference "firebase-ios-sdk" */;
			productName = FirebaseAuth;
		};
		EBE7A7EA2C6B4F5500873C3A /* GoogleSignInSwift */ = {
			isa = XCSwiftPackageProductDependency;
			package = EBE7A7E92C6B4F5500873C3A /* XCRemoteSwiftPackageReference "GoogleSignIn-iOS" */;
			productName = GoogleSignInSwift;
		};
/* End XCSwiftPackageProductDependency section */
	};
	rootObject = EBE7A7862C6AF99D00873C3A /* Project object */;
}
